
Microsoft Visual Studio Solution File, Format Version 12.00
# Visual Studio 15
VisualStudioVersion = 15.0.28010.2036
MinimumVisualStudioVersion = 10.0.40219.1
Project("{FAE04EC0-301F-11D3-BF4B-00C04F79EFBC}") = "Lab1", "Lab1\Lab1.csproj", "{877F6868-A7A9-4DB6-92CA-D0652CADDA9F}"
EndProject
Global
	GlobalSection(SolutionConfigurationPlatforms) = preSolution
		Debug|Any CPU = Debug|Any CPU
		Release|Any CPU = Release|Any CPU
	EndGlobalSection
	GlobalSection(ProjectConfigurationPlatforms) = postSolution
		{877F6868-A7A9-4DB6-92CA-D0652CADDA9F}.Debug|Any CPU.ActiveCfg = Debug|Any CPU
		{877F6868-A7A9-4DB6-92CA-D0652CADDA9F}.Debug|Any CPU.Build.0 = Debug|Any CPU
		{877F6868-A7A9-4DB6-92CA-D0652CADDA9F}.Release|Any CPU.ActiveCfg = Release|Any CPU
		{877F6868-A7A9-4DB6-92CA-D0652CADDA9F}.Release|Any CPU.Build.0 = Release|Any CPU
	EndGlobalSection
	GlobalSection(SolutionProperties) = preSolution
		HideSolutionNode = FALSE
	EndGlobalSection
	GlobalSection(ExtensibilityGlobals) = postSolution
		SolutionGuid = {A623CC63-9FEB-448F-8AE9-B1D29D4CA698}
	EndGlobalSection
EndGlobal
